{
  "lockfile_version": "1",
  "packages": {
    "claude-code@latest": {
      "last_modified": "2026-01-19T00:39:23Z",
      "resolved": "github:NixOS/nixpkgs/bde09022887110deb780067364a0818e89258968#claude-code",
      "source": "devbox-search",
      "version": "2.1.12",
      "systems": {
        "aarch64-darwin": {
          "outputs": [
            {
              "name": "out",
              "path": "/nix/store/0g9yj2rca68lymfsk1pqgz9i99ifsmij-claude-code-2.1.12",
              "default": true
            }
          ],
          "store_path": "/nix/store/0g9yj2rca68lymfsk1pqgz9i99ifsmij-claude-code-2.1.12"
        },
        "aarch64-linux": {
          "outputs": [
            {
              "name": "out",
              "path": "/nix/store/szp2x6dxrczlxyx4c777jh66s7c3rxfz-claude-code-2.1.12",
              "default": true
            }
          ],
          "store_path": "/nix/store/szp2x6dxrczlxyx4c777jh66s7c3rxfz-claude-code-2.1.12"
        },
        "x86_64-darwin": {
          "outputs": [
            {
              "name": "out",
              "path": "/nix/store/x39bz1nnm238dzw3ljch6d4clp2j55iq-claude-code-2.1.12",
              "default": true
            }
          ],
          "store_path": "/nix/store/x39bz1nnm238dzw3ljch6d4clp2j55iq-claude-code-2.1.12"
        },
        "x86_64-linux": {
          "outputs": [
            {
              "name": "out",
              "path": "/nix/store/a9h24gmidf2p7jm9m6k0cppwiw1pr3y0-claude-code-2.1.12",
              "default": true
            }
          ],
          "store_path": "/nix/store/a9h24gmidf2p7jm9m6k0cppwiw1pr3y0-claude-code-2.1.12"
        }
      }
    },
    "github:NixOS/nixpkgs/nixpkgs-unstable": {
      "last_modified": "2026-01-26T13:12:53Z",
      "resolved": "github:NixOS/nixpkgs/13b0f9e6ac78abbbb736c635d87845c4f4bee51b?lastModified=1769433173&narHash=sha256-Gf1dFYgD344WZ3q0LPlRoWaNdNQq8kSBDLEWulRQSEs%3D"
    },
    "go-task@latest": {
      "last_modified": "2025-12-31T03:27:36Z",
      "resolved": "github:NixOS/nixpkgs/f665af0cdb70ed27e1bd8f9fdfecaf451260fc55#go-task",
      "source": "devbox-search",
      "version": "3.45.5",
      "systems": {
        "aarch64-darwin": {
          "outputs": [
            {
              "name": "out",
              "path": "/nix/store/9ybcllfqylj7a7w42kiw9vqwd941s5lw-go-task-3.45.5",
              "default": true
            }
          ],
          "store_path": "/nix/store/9ybcllfqylj7a7w42kiw9vqwd941s5lw-go-task-3.45.5"
        },
        "aarch64-linux": {
          "outputs": [
            {
              "name": "out",
              "path": "/nix/store/xiyrhd65ya9ynf3mrvb9kfg00x7nf1m6-go-task-3.45.5",
              "default": true
            }
          ],
          "store_path": "/nix/store/xiyrhd65ya9ynf3mrvb9kfg00x7nf1m6-go-task-3.45.5"
        },
        "x86_64-darwin": {
          "outputs": [
            {
              "name": "out",
              "path": "/nix/store/znxnsk6k9ar637pi2dimrxmijqq0lf0b-go-task-3.45.5",
              "default": true
            }
          ],
          "store_path": "/nix/store/znxnsk6k9ar637pi2dimrxmijqq0lf0b-go-task-3.45.5"
        },
        "x86_64-linux": {
          "outputs": [
            {
              "name": "out",
              "path": "/nix/store/w2hq0and0k2v1l4fbfsa6r4sadvixhsg-go-task-3.45.5",
              "default": true
            }
          ],
          "store_path": "/nix/store/w2hq0and0k2v1l4fbfsa6r4sadvixhsg-go-task-3.45.5"
        }
      }
    },
    "harlequin@latest": {
      "last_modified": "2026-01-20T02:11:35Z",
      "resolved": "github:NixOS/nixpkgs/ed142ab1b3a092c4d149245d0c4126a5d7ea00b0#harlequin",
      "source": "devbox-search",
      "version": "2.5.1",
      "systems": {
        "aarch64-darwin": {
          "outputs": [
            {
              "name": "out",
              "path": "/nix/store/2fv1i66mw8i5jlxlk58695sp5fsckg95-harlequin-2.5.1",
              "default": true
            },
            {
              "name": "dist",
              "path": "/nix/store/nscrxzdb2i9jmz75yj1gcb4lg7hvgaak-harlequin-2.5.1-dist"
            }
          ],
          "store_path": "/nix/store/2fv1i66mw8i5jlxlk58695sp5fsckg95-harlequin-2.5.1"
        },
        "aarch64-linux": {
          "outputs": [
            {
              "name": "out",
              "path": "/nix/store/hnxq840hj8irwyjim6xmp4ja6bn23crc-harlequin-2.5.1",
              "default": true
            },
            {
              "name": "dist",
              "path": "/nix/store/1lgs6pap2m8pi2z11das8ndm9hkmbwkc-harlequin-2.5.1-dist"
            }
          ],
          "store_path": "/nix/store/hnxq840hj8irwyjim6xmp4ja6bn23crc-harlequin-2.5.1"
        },
        "x86_64-darwin": {
          "outputs": [
            {
              "name": "out",
              "path": "/nix/store/qd86mqilcnmsvcx6zj7a00mj3kinwm34-harlequin-2.5.1",
              "default": true
            },
            {
              "name": "dist",
              "path": "/nix/store/89xpc7w8pg3ckh80y3gj7lmzhyb8avsq-harlequin-2.5.1-dist"
            }
          ],
          "store_path": "/nix/store/qd86mqilcnmsvcx6zj7a00mj3kinwm34-harlequin-2.5.1"
        },
        "x86_64-linux": {
          "outputs": [
            {
              "name": "out",
              "path": "/nix/store/pvlj529248g0dia6rhk1jryciqq3s237-harlequin-2.5.1",
              "default": true
            },
            {
              "name": "dist",
              "path": "/nix/store/9m4mba654qz8bs800xgfdz50n5y4rkw7-harlequin-2.5.1-dist"
            }
          ],
          "store_path": "/nix/store/pvlj529248g0dia6rhk1jryciqq3s237-harlequin-2.5.1"
        }
      }
    },
    "tree@latest": {
      "last_modified": "2025-12-31T03:27:36Z",
      "resolved": "github:NixOS/nixpkgs/f665af0cdb70ed27e1bd8f9fdfecaf451260fc55#tree",
      "source": "devbox-search",
      "version": "2.2.1",
      "systems": {
        "aarch64-darwin": {
          "outputs": [
            {
              "name": "out",
              "path": "/nix/store/adrv90qc9ig3ghivk2vdlm88sli64n04-tree-2.2.1",
              "default": true
            }
          ],
          "store_path": "/nix/store/adrv90qc9ig3ghivk2vdlm88sli64n04-tree-2.2.1"
        },
        "aarch64-linux": {
          "outputs": [
            {
              "name": "out",
              "path": "/nix/store/mdrf3lfb3bjcz4yayjxn7i8my8krp397-tree-2.2.1",
              "default": true
            }
          ],
          "store_path": "/nix/store/mdrf3lfb3bjcz4yayjxn7i8my8krp397-tree-2.2.1"
        },
        "x86_64-darwin": {
          "outputs": [
            {
              "name": "out",
              "path": "/nix/store/ky1zw9msi8zxqd9qy32icwfwajr0vqzd-tree-2.2.1",
              "default": true
            }
          ],
          "store_path": "/nix/store/ky1zw9msi8zxqd9qy32icwfwajr0vqzd-tree-2.2.1"
        },
        "x86_64-linux": {
          "outputs": [
            {
              "name": "out",
              "path": "/nix/store/9z0p8jmgfr0sdmj5vyr1j4qid1cvj5fh-tree-2.2.1",
              "default": true
            }
          ],
          "store_path": "/nix/store/9z0p8jmgfr0sdmj5vyr1j4qid1cvj5fh-tree-2.2.1"
        }
      }
    },
    "uv@latest": {
      "last_modified": "2026-01-19T00:39:23Z",
      "resolved": "github:NixOS/nixpkgs/bde09022887110deb780067364a0818e89258968#uv",
      "source": "devbox-search",
      "version": "0.9.26",
      "systems": {
        "aarch64-darwin": {
          "outputs": [
            {
              "name": "out",
              "path": "/nix/store/991jgkc1kpg7w14l8bmc20yyp7hnwamd-uv-0.9.26",
              "default": true
            }
          ],
          "store_path": "/nix/store/991jgkc1kpg7w14l8bmc20yyp7hnwamd-uv-0.9.26"
        },
        "aarch64-linux": {
          "outputs": [
            {
              "name": "out",
              "path": "/nix/store/y35q55agb16ydq6496s01mqmjwrgqgk6-uv-0.9.26",
              "default": true
            }
          ],
          "store_path": "/nix/store/y35q55agb16ydq6496s01mqmjwrgqgk6-uv-0.9.26"
        },
        "x86_64-darwin": {
          "outputs": [
            {
              "name": "out",
              "path": "/nix/store/d4i7k54k1sk7f6wnsq31700j6mfch39q-uv-0.9.26",
              "default": true
            }
          ],
          "store_path": "/nix/store/d4i7k54k1sk7f6wnsq31700j6mfch39q-uv-0.9.26"
        },
        "x86_64-linux": {
          "outputs": [
            {
              "name": "out",
              "path": "/nix/store/arj23552j8w9k5wqhbs1gn2m4pd7skbm-uv-0.9.26",
              "default": true
            }
          ],
          "store_path": "/nix/store/arj23552j8w9k5wqhbs1gn2m4pd7skbm-uv-0.9.26"
        }
      }
    }
  }
}
